
Microsoft Visual Studio Solution File, Format Version 12.00
# Visual Studio Version 17
VisualStudioVersion = 17.10.34928.147
MinimumVisualStudioVersion = 10.0.40219.1
Project("{FAE04EC0-301F-11D3-BF4B-00C04F79EFBC}") = "EnumEx4", "EnumEx4\EnumEx4.csproj", "{3CC4738E-C457-4F69-8006-E67023C7E782}"
EndProject
Global
	GlobalSection(SolutionConfigurationPlatforms) = preSolution
		Debug|Any CPU = Debug|Any CPU
		Release|Any CPU = Release|Any CPU
	EndGlobalSection
	GlobalSection(ProjectConfigurationPlatforms) = postSolution
		{3CC4738E-C457-4F69-8006-E67023C7E782}.Debug|Any CPU.ActiveCfg = Debug|Any CPU
		{3CC4738E-C457-4F69-8006-E67023C7E782}.Debug|Any CPU.Build.0 = Debug|Any CPU
		{3CC4738E-C457-4F69-8006-E67023C7E782}.Release|Any CPU.ActiveCfg = Release|Any CPU
		{3CC4738E-C457-4F69-8006-E67023C7E782}.Release|Any CPU.Build.0 = Release|Any CPU
	EndGlobalSection
	GlobalSection(SolutionProperties) = preSolution
		HideSolutionNode = FALSE
	EndGlobalSection
	GlobalSection(ExtensibilityGlobals) = postSolution
		SolutionGuid = {C7058796-F820-41A7-A725-99214A15E122}
	EndGlobalSection
EndGlobal
