
Microsoft Visual Studio Solution File, Format Version 12.00
# Visual Studio Version 17
VisualStudioVersion = 17.10.34928.147
MinimumVisualStudioVersion = 10.0.40219.1
Project("{FAE04EC0-301F-11D3-BF4B-00C04F79EFBC}") = "Interface_MultipleEx1", "Interface_MultipleEx1\Interface_MultipleEx1.csproj", "{6C7604F1-0F1D-4A8C-B79A-10D156731AC6}"
EndProject
Global
	GlobalSection(SolutionConfigurationPlatforms) = preSolution
		Debug|Any CPU = Debug|Any CPU
		Release|Any CPU = Release|Any CPU
	EndGlobalSection
	GlobalSection(ProjectConfigurationPlatforms) = postSolution
		{6C7604F1-0F1D-4A8C-B79A-10D156731AC6}.Debug|Any CPU.ActiveCfg = Debug|Any CPU
		{6C7604F1-0F1D-4A8C-B79A-10D156731AC6}.Debug|Any CPU.Build.0 = Debug|Any CPU
		{6C7604F1-0F1D-4A8C-B79A-10D156731AC6}.Release|Any CPU.ActiveCfg = Release|Any CPU
		{6C7604F1-0F1D-4A8C-B79A-10D156731AC6}.Release|Any CPU.Build.0 = Release|Any CPU
	EndGlobalSection
	GlobalSection(SolutionProperties) = preSolution
		HideSolutionNode = FALSE
	EndGlobalSection
	GlobalSection(ExtensibilityGlobals) = postSolution
		SolutionGuid = {2A311ADD-379C-40CF-92E2-9277A47AA09A}
	EndGlobalSection
EndGlobal
