
Microsoft Visual Studio Solution File, Format Version 12.00
# Visual Studio Version 17
VisualStudioVersion = 17.10.34928.147
MinimumVisualStudioVersion = 10.0.40219.1
Project("{FAE04EC0-301F-11D3-BF4B-00C04F79EFBC}") = "AbstractEx1", "AbstractEx1\AbstractEx1.csproj", "{BAEC300D-74EF-4A52-BED5-2D74665892F3}"
EndProject
Global
	GlobalSection(SolutionConfigurationPlatforms) = preSolution
		Debug|Any CPU = Debug|Any CPU
		Release|Any CPU = Release|Any CPU
	EndGlobalSection
	GlobalSection(ProjectConfigurationPlatforms) = postSolution
		{BAEC300D-74EF-4A52-BED5-2D74665892F3}.Debug|Any CPU.ActiveCfg = Debug|Any CPU
		{BAEC300D-74EF-4A52-BED5-2D74665892F3}.Debug|Any CPU.Build.0 = Debug|Any CPU
		{BAEC300D-74EF-4A52-BED5-2D74665892F3}.Release|Any CPU.ActiveCfg = Release|Any CPU
		{BAEC300D-74EF-4A52-BED5-2D74665892F3}.Release|Any CPU.Build.0 = Release|Any CPU
	EndGlobalSection
	GlobalSection(SolutionProperties) = preSolution
		HideSolutionNode = FALSE
	EndGlobalSection
	GlobalSection(ExtensibilityGlobals) = postSolution
		SolutionGuid = {3E8F3A4D-73F0-4B1F-9B98-A69D8BDEDB50}
	EndGlobalSection
EndGlobal
