
Microsoft Visual Studio Solution File, Format Version 12.00
# Visual Studio Version 17
VisualStudioVersion = 17.10.34928.147
MinimumVisualStudioVersion = 10.0.40219.1
Project("{FAE04EC0-301F-11D3-BF4B-00C04F79EFBC}") = "While Loop", "While Loop\While Loop.csproj", "{5FE8534C-B96A-4626-B3F5-9E833CFA69B7}"
EndProject
Global
	GlobalSection(SolutionConfigurationPlatforms) = preSolution
		Debug|Any CPU = Debug|Any CPU
		Release|Any CPU = Release|Any CPU
	EndGlobalSection
	GlobalSection(ProjectConfigurationPlatforms) = postSolution
		{5FE8534C-B96A-4626-B3F5-9E833CFA69B7}.Debug|Any CPU.ActiveCfg = Debug|Any CPU
		{5FE8534C-B96A-4626-B3F5-9E833CFA69B7}.Debug|Any CPU.Build.0 = Debug|Any CPU
		{5FE8534C-B96A-4626-B3F5-9E833CFA69B7}.Release|Any CPU.ActiveCfg = Release|Any CPU
		{5FE8534C-B96A-4626-B3F5-9E833CFA69B7}.Release|Any CPU.Build.0 = Release|Any CPU
	EndGlobalSection
	GlobalSection(SolutionProperties) = preSolution
		HideSolutionNode = FALSE
	EndGlobalSection
	GlobalSection(ExtensibilityGlobals) = postSolution
		SolutionGuid = {6280BA89-1CBE-4D86-A9CA-170A41D093F6}
	EndGlobalSection
EndGlobal
